
Microsoft Visual Studio Solution File, Format Version 12.00
# Visual Studio Version 16
VisualStudioVersion = 16.0.29009.5
MinimumVisualStudioVersion = 10.0.40219.1
Project("{FAE04EC0-301F-11D3-BF4B-00C04F79EFBC}") = "Invoice_mw", "Invoice_mw\Invoice_mw.csproj", "{9211C222-C579-4AEB-8790-41F05B148AEB}"
EndProject
Global
	GlobalSection(SolutionConfigurationPlatforms) = preSolution
		Debug|Any CPU = Debug|Any CPU
		Release|Any CPU = Release|Any CPU
	EndGlobalSection
	GlobalSection(ProjectConfigurationPlatforms) = postSolution
		{9211C222-C579-4AEB-8790-41F05B148AEB}.Debug|Any CPU.ActiveCfg = Debug|Any CPU
		{9211C222-C579-4AEB-8790-41F05B148AEB}.Debug|Any CPU.Build.0 = Debug|Any CPU
		{9211C222-C579-4AEB-8790-41F05B148AEB}.Release|Any CPU.ActiveCfg = Release|Any CPU
		{9211C222-C579-4AEB-8790-41F05B148AEB}.Release|Any CPU.Build.0 = Release|Any CPU
	EndGlobalSection
	GlobalSection(SolutionProperties) = preSolution
		HideSolutionNode = FALSE
	EndGlobalSection
	GlobalSection(ExtensibilityGlobals) = postSolution
		SolutionGuid = {7E38CF72-4C3C-427D-B2CC-B83BBE750D46}
	EndGlobalSection
EndGlobal
